
Microsoft Visual Studio Solution File, Format Version 12.00
# Visual Studio Version 17
VisualStudioVersion = 17.5.33530.505
MinimumVisualStudioVersion = 10.0.40219.1
Project("{FAE04EC0-301F-11D3-BF4B-00C04F79EFBC}") = "FileMannager", "FileMannager\FileMannager.csproj", "{52ECC359-2135-47EB-9CBD-A59673F2776A}"
EndProject
Global
	GlobalSection(SolutionConfigurationPlatforms) = preSolution
		Debug|Any CPU = Debug|Any CPU
		Release|Any CPU = Release|Any CPU
	EndGlobalSection
	GlobalSection(ProjectConfigurationPlatforms) = postSolution
		{52ECC359-2135-47EB-9CBD-A59673F2776A}.Debug|Any CPU.ActiveCfg = Debug|Any CPU
		{52ECC359-2135-47EB-9CBD-A59673F2776A}.Debug|Any CPU.Build.0 = Debug|Any CPU
		{52ECC359-2135-47EB-9CBD-A59673F2776A}.Release|Any CPU.ActiveCfg = Release|Any CPU
		{52ECC359-2135-47EB-9CBD-A59673F2776A}.Release|Any CPU.Build.0 = Release|Any CPU
	EndGlobalSection
	GlobalSection(SolutionProperties) = preSolution
		HideSolutionNode = FALSE
	EndGlobalSection
	GlobalSection(ExtensibilityGlobals) = postSolution
		SolutionGuid = {A1A4F190-4910-4956-8DBD-1CA5CCEA93C0}
	EndGlobalSection
EndGlobal
